
Microsoft Visual Studio Solution File, Format Version 12.00
# Visual Studio Version 17
VisualStudioVersion = 17.6.33815.320
MinimumVisualStudioVersion = 10.0.40219.1
Project("{9A19103F-16F7-4668-BE54-9A1E7A4F7556}") = "DBwebAPI", "DBwebAPI\DBwebAPI.csproj", "{101F17CE-FADD-4AAA-9B6D-E09249959055}"
EndProject
Project("{FAE04EC0-301F-11D3-BF4B-00C04F79EFBC}") = "NewsLib", "NewsLib\NewsLib.csproj", "{D9F245FF-C7A3-4BDC-88D2-30E2511D13AA}"
EndProject
Project("{FAE04EC0-301F-11D3-BF4B-00C04F79EFBC}") = "TeamLib", "TeamLib\TeamLib.csproj", "{50F0BA5A-B79C-4448-B8F0-231E76F0C362}"
EndProject
Global
	GlobalSection(SolutionConfigurationPlatforms) = preSolution
		Debug|Any CPU = Debug|Any CPU
		Release|Any CPU = Release|Any CPU
	EndGlobalSection
	GlobalSection(ProjectConfigurationPlatforms) = postSolution
		{101F17CE-FADD-4AAA-9B6D-E09249959055}.Debug|Any CPU.ActiveCfg = Debug|Any CPU
		{101F17CE-FADD-4AAA-9B6D-E09249959055}.Debug|Any CPU.Build.0 = Debug|Any CPU
		{101F17CE-FADD-4AAA-9B6D-E09249959055}.Release|Any CPU.ActiveCfg = Release|Any CPU
		{101F17CE-FADD-4AAA-9B6D-E09249959055}.Release|Any CPU.Build.0 = Release|Any CPU
		{D9F245FF-C7A3-4BDC-88D2-30E2511D13AA}.Debug|Any CPU.ActiveCfg = Debug|Any CPU
		{D9F245FF-C7A3-4BDC-88D2-30E2511D13AA}.Debug|Any CPU.Build.0 = Debug|Any CPU
		{D9F245FF-C7A3-4BDC-88D2-30E2511D13AA}.Release|Any CPU.ActiveCfg = Release|Any CPU
		{D9F245FF-C7A3-4BDC-88D2-30E2511D13AA}.Release|Any CPU.Build.0 = Release|Any CPU
		{50F0BA5A-B79C-4448-B8F0-231E76F0C362}.Debug|Any CPU.ActiveCfg = Debug|Any CPU
		{50F0BA5A-B79C-4448-B8F0-231E76F0C362}.Debug|Any CPU.Build.0 = Debug|Any CPU
		{50F0BA5A-B79C-4448-B8F0-231E76F0C362}.Release|Any CPU.ActiveCfg = Release|Any CPU
		{50F0BA5A-B79C-4448-B8F0-231E76F0C362}.Release|Any CPU.Build.0 = Release|Any CPU
	EndGlobalSection
	GlobalSection(SolutionProperties) = preSolution
		HideSolutionNode = FALSE
	EndGlobalSection
	GlobalSection(ExtensibilityGlobals) = postSolution
		SolutionGuid = {41E0E170-F8BD-4459-B551-5BA584322B25}
	EndGlobalSection
EndGlobal
